
Microsoft Visual Studio Solution File, Format Version 12.00
# Visual Studio Version 17
VisualStudioVersion = 17.3.32825.248
MinimumVisualStudioVersion = 10.0.40219.1
Project("{FAE04EC0-301F-11D3-BF4B-00C04F79EFBC}") = "Grupo4_PAVI_Veterinaria", "Grupo4_PAVI_Veterinaria.csproj", "{8DF53F93-BAB3-46B6-B864-EED20564F7B9}"
EndProject
Global
	GlobalSection(SolutionConfigurationPlatforms) = preSolution
		Debug|Any CPU = Debug|Any CPU
		Release|Any CPU = Release|Any CPU
	EndGlobalSection
	GlobalSection(ProjectConfigurationPlatforms) = postSolution
		{8DF53F93-BAB3-46B6-B864-EED20564F7B9}.Debug|Any CPU.ActiveCfg = Debug|Any CPU
		{8DF53F93-BAB3-46B6-B864-EED20564F7B9}.Debug|Any CPU.Build.0 = Debug|Any CPU
		{8DF53F93-BAB3-46B6-B864-EED20564F7B9}.Release|Any CPU.ActiveCfg = Release|Any CPU
		{8DF53F93-BAB3-46B6-B864-EED20564F7B9}.Release|Any CPU.Build.0 = Release|Any CPU
	EndGlobalSection
	GlobalSection(SolutionProperties) = preSolution
		HideSolutionNode = FALSE
	EndGlobalSection
	GlobalSection(ExtensibilityGlobals) = postSolution
		SolutionGuid = {74F0AD1B-D438-43F8-906F-20BF15D7130F}
	EndGlobalSection
EndGlobal
